%{"certifi": {:hex, :certifi, "0.4.0", "a7966efb868b179023618d29a407548f70c52466bf1849b9e8ebd0e34b7ea11f", [:rebar3], []},
  "combine": {:hex, :combine, "0.7.0", "2ac6ae852a9835fe8189af18121cddd5bed2677f5df706dc0d208af668ab845d", [:mix], []},
  "decimal": {:hex, :decimal, "1.1.2", "79a769d4657b2d537b51ef3c02d29ab7141d2b486b516c109642d453ee08e00c", [:mix], []},
  "ecto": {:hex, :ecto, "1.1.7", "c37127248756e725eb8254b371764b40c05a90c104b2065d1d4f7e32573fdbec", [:mix], [{:sbroker, "~> 0.7", [hex: :sbroker, optional: true]}, {:postgrex, "~> 0.11.0", [hex: :postgrex, optional: true]}, {:poolboy, "~> 1.4", [hex: :poolboy, optional: false]}, {:poison, "~> 1.0 or ~> 2.0", [hex: :poison, optional: true]}, {:mariaex, "~> 0.5.0 or ~> 0.6.0", [hex: :mariaex, optional: true]}, {:decimal, "~> 1.0", [hex: :decimal, optional: false]}]},
  "esqlite": {:hex, :esqlite, "0.2.2", "e4e8b39062a075e0bd4756b894dd2aa8edbf94c9081c1fb5c72dc705bf2f2d88", [:rebar, :make], []},
  "gettext": {:hex, :gettext, "0.11.0", "80c1dd42d270482418fa158ec5ba073d2980e3718bacad86f3d4ad71d5667679", [:mix], []},
  "hackney": {:hex, :hackney, "1.6.0", "8d1e9440c9edf23bf5e5e2fe0c71de03eb265103b72901337394c840eec679ac", [:rebar3], [{:ssl_verify_fun, "1.1.0", [hex: :ssl_verify_fun, optional: false]}, {:mimerl, "1.0.2", [hex: :mimerl, optional: false]}, {:metrics, "1.0.1", [hex: :metrics, optional: false]}, {:idna, "1.2.0", [hex: :idna, optional: false]}, {:certifi, "0.4.0", [hex: :certifi, optional: false]}]},
  "idna": {:hex, :idna, "1.2.0", "ac62ee99da068f43c50dc69acf700e03a62a348360126260e87f2b54eced86b2", [:rebar3], []},
  "instream": {:hex, :instream, "0.11.0", "229f6e70598c781c6b2b3a456b056ee3f44c348219068c9c9b368e6c4299ca50", [:mix], [{:poolboy, "~> 1.5", [hex: :poolboy, optional: false]}, {:poison, "~> 1.4 or ~> 2.0", [hex: :poison, optional: false]}, {:hackney, "~> 1.1", [hex: :hackney, optional: false]}]},
  "metrics": {:hex, :metrics, "1.0.1", "25f094dea2cda98213cecc3aeff09e940299d950904393b2a29d191c346a8486", [:rebar3], []},
  "mimerl": {:hex, :mimerl, "1.0.2", "993f9b0e084083405ed8252b99460c4f0563e41729ab42d9074fd5e52439be88", [:rebar3], []},
  "pipe": {:hex, :pipe, "0.0.2", "eff98a868b426745acef103081581093ff5c1b88100f8ff5949b4a30e81d0d9f", [:mix], []},
  "poison": {:hex, :poison, "1.5.2", "560bdfb7449e3ddd23a096929fb9fc2122f709bcc758b2d5d5a5c7d0ea848910", [:mix], []},
  "poolboy": {:hex, :poolboy, "1.5.1", "6b46163901cfd0a1b43d692657ed9d7e599853b3b21b95ae5ae0a777cf9b6ca8", [:rebar], []},
  "sqlite_ecto": {:hex, :sqlite_ecto, "1.1.0", "7a1b2c85670264d80d34bf2372ed8f3ae75ea97a2fdd5b791e35968b84e18a37", [:mix], [{:sqlitex, "~> 0.8", [hex: :sqlitex, optional: false]}, {:poison, "~> 1.0", [hex: :poison, optional: false]}, {:ecto, "~> 1.1", [hex: :ecto, optional: false]}]},
  "sqlitex": {:hex, :sqlitex, "0.8.3", "226901fe73fb9d74a5bc742594074dc3cac725ee632d595a704dd8bf92661044", [:mix], [{:pipe, "~> 0.0.2", [hex: :pipe, optional: false]}, {:esqlite, "~> 0.2.0", [hex: :esqlite, optional: false]}, {:decimal, "~> 1.1.0", [hex: :decimal, optional: false]}]},
  "ssl_verify_fun": {:hex, :ssl_verify_fun, "1.1.0", "edee20847c42e379bf91261db474ffbe373f8acb56e9079acb6038d4e0bf414f", [:rebar, :make], []},
  "timex": {:hex, :timex, "2.1.4", "17100f0d47473fe05423084039b8f3de9d63617b66d8db676e24a4221216db61", [:mix], [{:tzdata, "~> 0.1.8 or ~> 0.5", [hex: :tzdata, optional: false]}, {:gettext, "~> 0.10", [hex: :gettext, optional: false]}, {:combine, "~> 0.7", [hex: :combine, optional: false]}]},
  "tzdata": {:hex, :tzdata, "0.5.7", "10a4176023c2b294f1bbb98594a646ef25d658ca507b2da20a5952072d6080c4", [:mix], [{:hackney, "~> 1.0", [hex: :hackney, optional: false]}]}}
